
Microsoft Visual Studio Solution File, Format Version 12.00
# Visual Studio Version 17
VisualStudioVersion = 17.7.34221.43
MinimumVisualStudioVersion = 10.0.40219.1
Project("{FAE04EC0-301F-11D3-BF4B-00C04F79EFBC}") = "Document Processing System.PL", "Document Processing System.PL.csproj", "{8DE4C337-D2DA-4C78-A1AA-1858D32E1BE0}"
EndProject
Project("{FAE04EC0-301F-11D3-BF4B-00C04F79EFBC}") = "Document Processing System.Entities", "..\Document Processing System.Entities\Document Processing System.Entities.csproj", "{470C2519-0DA2-4230-ACE8-2CD11479D88B}"
EndProject
Project("{FAE04EC0-301F-11D3-BF4B-00C04F79EFBC}") = "Document Processing System.DAL", "..\Document Processing System.DAL\Document Processing System.DAL.csproj", "{52F53451-44CE-4F53-AF49-51EEA340809F}"
EndProject
Project("{FAE04EC0-301F-11D3-BF4B-00C04F79EFBC}") = "Document Processing System.BL", "..\Document Processing System.BL\Document Processing System.BL.csproj", "{DEA041F2-C193-4589-9CAE-5B90F2C1CB84}"
EndProject
Project("{FAE04EC0-301F-11D3-BF4B-00C04F79EFBC}") = "Document Processing System.Helpers", "..\Document Processing System.Helpers\Document Processing System.Helpers.csproj", "{77B22D85-BEC0-45F1-8BB2-FA17295AEEF7}"
EndProject
Global
	GlobalSection(SolutionConfigurationPlatforms) = preSolution
		Debug|Any CPU = Debug|Any CPU
		Release|Any CPU = Release|Any CPU
	EndGlobalSection
	GlobalSection(ProjectConfigurationPlatforms) = postSolution
		{8DE4C337-D2DA-4C78-A1AA-1858D32E1BE0}.Debug|Any CPU.ActiveCfg = Debug|Any CPU
		{8DE4C337-D2DA-4C78-A1AA-1858D32E1BE0}.Debug|Any CPU.Build.0 = Debug|Any CPU
		{8DE4C337-D2DA-4C78-A1AA-1858D32E1BE0}.Release|Any CPU.ActiveCfg = Release|Any CPU
		{8DE4C337-D2DA-4C78-A1AA-1858D32E1BE0}.Release|Any CPU.Build.0 = Release|Any CPU
		{470C2519-0DA2-4230-ACE8-2CD11479D88B}.Debug|Any CPU.ActiveCfg = Debug|Any CPU
		{470C2519-0DA2-4230-ACE8-2CD11479D88B}.Debug|Any CPU.Build.0 = Debug|Any CPU
		{470C2519-0DA2-4230-ACE8-2CD11479D88B}.Release|Any CPU.ActiveCfg = Release|Any CPU
		{470C2519-0DA2-4230-ACE8-2CD11479D88B}.Release|Any CPU.Build.0 = Release|Any CPU
		{52F53451-44CE-4F53-AF49-51EEA340809F}.Debug|Any CPU.ActiveCfg = Debug|Any CPU
		{52F53451-44CE-4F53-AF49-51EEA340809F}.Debug|Any CPU.Build.0 = Debug|Any CPU
		{52F53451-44CE-4F53-AF49-51EEA340809F}.Release|Any CPU.ActiveCfg = Release|Any CPU
		{52F53451-44CE-4F53-AF49-51EEA340809F}.Release|Any CPU.Build.0 = Release|Any CPU
		{DEA041F2-C193-4589-9CAE-5B90F2C1CB84}.Debug|Any CPU.ActiveCfg = Debug|Any CPU
		{DEA041F2-C193-4589-9CAE-5B90F2C1CB84}.Debug|Any CPU.Build.0 = Debug|Any CPU
		{DEA041F2-C193-4589-9CAE-5B90F2C1CB84}.Release|Any CPU.ActiveCfg = Release|Any CPU
		{DEA041F2-C193-4589-9CAE-5B90F2C1CB84}.Release|Any CPU.Build.0 = Release|Any CPU
		{77B22D85-BEC0-45F1-8BB2-FA17295AEEF7}.Debug|Any CPU.ActiveCfg = Debug|Any CPU
		{77B22D85-BEC0-45F1-8BB2-FA17295AEEF7}.Debug|Any CPU.Build.0 = Debug|Any CPU
		{77B22D85-BEC0-45F1-8BB2-FA17295AEEF7}.Release|Any CPU.ActiveCfg = Release|Any CPU
		{77B22D85-BEC0-45F1-8BB2-FA17295AEEF7}.Release|Any CPU.Build.0 = Release|Any CPU
	EndGlobalSection
	GlobalSection(SolutionProperties) = preSolution
		HideSolutionNode = FALSE
	EndGlobalSection
	GlobalSection(ExtensibilityGlobals) = postSolution
		SolutionGuid = {48CD0C5C-34D1-4271-9347-A29706853EE1}
	EndGlobalSection
EndGlobal
